
Microsoft Visual Studio Solution File, Format Version 12.00
# Visual Studio Version 17
VisualStudioVersion = 17.3.32922.545
MinimumVisualStudioVersion = 10.0.40219.1
Project("{FAE04EC0-301F-11D3-BF4B-00C04F79EFBC}") = "capaPresentacion", "capaPresentacion\capaPresentacion.csproj", "{2158CEE1-EA88-443D-8A45-6E29CC7DA132}"
EndProject
Project("{FAE04EC0-301F-11D3-BF4B-00C04F79EFBC}") = "capaDatos", "capaDatos\capaDatos.csproj", "{F943ED68-82BD-4A55-9067-1A8BB747919F}"
EndProject
Global
	GlobalSection(SolutionConfigurationPlatforms) = preSolution
		Debug|Any CPU = Debug|Any CPU
		Release|Any CPU = Release|Any CPU
	EndGlobalSection
	GlobalSection(ProjectConfigurationPlatforms) = postSolution
		{2158CEE1-EA88-443D-8A45-6E29CC7DA132}.Debug|Any CPU.ActiveCfg = Debug|Any CPU
		{2158CEE1-EA88-443D-8A45-6E29CC7DA132}.Debug|Any CPU.Build.0 = Debug|Any CPU
		{2158CEE1-EA88-443D-8A45-6E29CC7DA132}.Release|Any CPU.ActiveCfg = Release|Any CPU
		{2158CEE1-EA88-443D-8A45-6E29CC7DA132}.Release|Any CPU.Build.0 = Release|Any CPU
		{F943ED68-82BD-4A55-9067-1A8BB747919F}.Debug|Any CPU.ActiveCfg = Debug|Any CPU
		{F943ED68-82BD-4A55-9067-1A8BB747919F}.Debug|Any CPU.Build.0 = Debug|Any CPU
		{F943ED68-82BD-4A55-9067-1A8BB747919F}.Release|Any CPU.ActiveCfg = Release|Any CPU
		{F943ED68-82BD-4A55-9067-1A8BB747919F}.Release|Any CPU.Build.0 = Release|Any CPU
	EndGlobalSection
	GlobalSection(SolutionProperties) = preSolution
		HideSolutionNode = FALSE
	EndGlobalSection
	GlobalSection(ExtensibilityGlobals) = postSolution
		SolutionGuid = {85848853-3ABA-4530-8282-7D0F4F1CDCCB}
	EndGlobalSection
EndGlobal
